
Microsoft Visual Studio Solution File, Format Version 12.00
# Visual Studio 15
VisualStudioVersion = 15.0.28010.2036
MinimumVisualStudioVersion = 10.0.40219.1
Project("{F2A71F9B-5D33-465A-A702-920D77279786}") = "PDFConverter", "PDFConverter\PDFConverter.fsproj", "{01CC4053-1954-46BA-A4A9-FE0FD80DA748}"
EndProject
Global
	GlobalSection(SolutionConfigurationPlatforms) = preSolution
		Debug|Any CPU = Debug|Any CPU
		Release|Any CPU = Release|Any CPU
	EndGlobalSection
	GlobalSection(ProjectConfigurationPlatforms) = postSolution
		{01CC4053-1954-46BA-A4A9-FE0FD80DA748}.Debug|Any CPU.ActiveCfg = Debug|Any CPU
		{01CC4053-1954-46BA-A4A9-FE0FD80DA748}.Debug|Any CPU.Build.0 = Debug|Any CPU
		{01CC4053-1954-46BA-A4A9-FE0FD80DA748}.Release|Any CPU.ActiveCfg = Release|Any CPU
		{01CC4053-1954-46BA-A4A9-FE0FD80DA748}.Release|Any CPU.Build.0 = Release|Any CPU
	EndGlobalSection
	GlobalSection(SolutionProperties) = preSolution
		HideSolutionNode = FALSE
	EndGlobalSection
	GlobalSection(ExtensibilityGlobals) = postSolution
		SolutionGuid = {381ADC7E-260B-4012-9205-CB4324C55D9C}
	EndGlobalSection
EndGlobal
